{
  "requires": true,
  "lockfileVersion": 1,
  "dependencies": {
    "api-key-auth": {
      "version": "0.2.1",
      "resolved": "https://registry.npmjs.org/api-key-auth/-/api-key-auth-0.2.1.tgz",
      "integrity": "sha512-QuXwTuLOko6cxNk54NGwI6H30C7Xe+G/15hThWER50xkY4Dauvtx44jIOpc0pI76hVZlZzvsAP1UEbN0iKnHPQ=="
    }
  }
}
